Microsoft Visual Studio Solution File, Format Version 12.00
# Visual Studio Version 17
VisualStudioVersion = 17.0.31903.59
MinimumVisualStudioVersion = 10.0.40219.1
Project("{D7C2749B-620E-489C-A6AA-669D03253076}") = "Project_18021ed1e3414fa2bfd72608cb669504_20250601200320357586", "Project_18021ed1e3414fa2bfd72608cb669504_20250601200320357586.csproj", "{D7C2749B-620E-489C-A6AA-669D03253076}"
EndProject
Global
    GlobalSection(SolutionConfigurationPlatforms) = preSolution
        Debug|Any CPU = Debug|Any CPU
        Release|Any CPU = Release|Any CPU
    EndGlobalSection
    GlobalSection(ProjectConfigurationPlatforms) = postSolution
        {D7C2749B-620E-489C-A6AA-669D03253076}.Debug|Any CPU.ActiveCfg = Debug|Any CPU
        {D7C2749B-620E-489C-A6AA-669D03253076}.Debug|Any CPU.Build.0 = Debug|Any CPU
        {D7C2749B-620E-489C-A6AA-669D03253076}.Release|Any CPU.ActiveCfg = Release|Any CPU
        {D7C2749B-620E-489C-A6AA-669D03253076}.Release|Any CPU.Build.0 = Release|Any CPU
    EndGlobalSection
EndGlobal